
Microsoft Visual Studio Solution File, Format Version 12.00
# Visual Studio Version 16
VisualStudioVersion = 16.0.31729.503
MinimumVisualStudioVersion = 10.0.40219.1
Project("{9A19103F-16F7-4668-BE54-9A1E7A4F7556}") = "TDX_Sample", "TDX_Sample\TDX_Sample.csproj", "{8E1CD9F2-64B5-4701-A489-94D1DD53167C}"
EndProject
Project("{FAE04EC0-301F-11D3-BF4B-00C04F79EFBC}") = "TDX_Console_Sample", "TDX_Console_Sample\TDX_Console_Sample.csproj", "{F31585EE-3505-4855-B854-49F428C7B9CB}"
EndProject
Global
	GlobalSection(SolutionConfigurationPlatforms) = preSolution
		Debug|Any CPU = Debug|Any CPU
		Release|Any CPU = Release|Any CPU
	EndGlobalSection
	GlobalSection(ProjectConfigurationPlatforms) = postSolution
		{8E1CD9F2-64B5-4701-A489-94D1DD53167C}.Debug|Any CPU.ActiveCfg = Debug|Any CPU
		{8E1CD9F2-64B5-4701-A489-94D1DD53167C}.Debug|Any CPU.Build.0 = Debug|Any CPU
		{8E1CD9F2-64B5-4701-A489-94D1DD53167C}.Release|Any CPU.ActiveCfg = Release|Any CPU
		{8E1CD9F2-64B5-4701-A489-94D1DD53167C}.Release|Any CPU.Build.0 = Release|Any CPU
		{F31585EE-3505-4855-B854-49F428C7B9CB}.Debug|Any CPU.ActiveCfg = Debug|Any CPU
		{F31585EE-3505-4855-B854-49F428C7B9CB}.Debug|Any CPU.Build.0 = Debug|Any CPU
		{F31585EE-3505-4855-B854-49F428C7B9CB}.Release|Any CPU.ActiveCfg = Release|Any CPU
		{F31585EE-3505-4855-B854-49F428C7B9CB}.Release|Any CPU.Build.0 = Release|Any CPU
	EndGlobalSection
	GlobalSection(SolutionProperties) = preSolution
		HideSolutionNode = FALSE
	EndGlobalSection
	GlobalSection(ExtensibilityGlobals) = postSolution
		SolutionGuid = {B98962BC-B060-497D-80B1-21257B5F44CC}
	EndGlobalSection
EndGlobal
